
Microsoft Visual Studio Solution File, Format Version 12.00
# Visual Studio Version 17
VisualStudioVersion = 17.4.33103.184
MinimumVisualStudioVersion = 10.0.40219.1
Project("{FAE04EC0-301F-11D3-BF4B-00C04F79EFBC}") = "practicad", "practicad.csproj", "{E6F404DD-BAA1-4420-9D5D-6EF34F5987FE}"
EndProject
Global
	GlobalSection(SolutionConfigurationPlatforms) = preSolution
		Debug|Any CPU = Debug|Any CPU
		Release|Any CPU = Release|Any CPU
	EndGlobalSection
	GlobalSection(ProjectConfigurationPlatforms) = postSolution
		{E6F404DD-BAA1-4420-9D5D-6EF34F5987FE}.Debug|Any CPU.ActiveCfg = Debug|Any CPU
		{E6F404DD-BAA1-4420-9D5D-6EF34F5987FE}.Debug|Any CPU.Build.0 = Debug|Any CPU
		{E6F404DD-BAA1-4420-9D5D-6EF34F5987FE}.Release|Any CPU.ActiveCfg = Release|Any CPU
		{E6F404DD-BAA1-4420-9D5D-6EF34F5987FE}.Release|Any CPU.Build.0 = Release|Any CPU
	EndGlobalSection
	GlobalSection(SolutionProperties) = preSolution
		HideSolutionNode = FALSE
	EndGlobalSection
	GlobalSection(ExtensibilityGlobals) = postSolution
		SolutionGuid = {E24C37BF-F55C-4DC9-80B6-F1E6EE272DF5}
	EndGlobalSection
EndGlobal
